
Microsoft Visual Studio Solution File, Format Version 12.00
# Visual Studio Version 17
VisualStudioVersion = 17.3.32922.545
MinimumVisualStudioVersion = 10.0.40219.1
Project("{9A19103F-16F7-4668-BE54-9A1E7A4F7556}") = "MP.ApiDotNet6.Domain", "MP.ApiDotNet6.Domain\MP.ApiDotNet6.Domain.csproj", "{538BABD9-DB96-4C51-92A4-70A1D9E3B75C}"
EndProject
Project("{9A19103F-16F7-4668-BE54-9A1E7A4F7556}") = "MP.ApiDotNet6.Infra.Data", "MP.ApiDotNet6.Infra.Data\MP.ApiDotNet6.Infra.Data.csproj", "{4DFC6732-CD8B-423F-825A-AD6D7241D968}"
EndProject
Project("{9A19103F-16F7-4668-BE54-9A1E7A4F7556}") = "MP.ApiDotNet6.Application", "MP.ApiDotNet6.Application\MP.ApiDotNet6.Application.csproj", "{1010F4FB-296D-4283-9FEF-189B119C6DCC}"
EndProject
Project("{9A19103F-16F7-4668-BE54-9A1E7A4F7556}") = "MP.ApiDotNet6.Infra.IoC", "MP.ApiDotNet6.Infra.IoC\MP.ApiDotNet6.Infra.IoC.csproj", "{7221029E-0A60-4A87-AB96-3C0950CD90B0}"
EndProject
Project("{9A19103F-16F7-4668-BE54-9A1E7A4F7556}") = "MP.ApiDotNet6.Api", "MP.ApiDotNet6.Api\MP.ApiDotNet6.Api.csproj", "{4DE53848-21F4-45D8-826A-06FE7CC35501}"
EndProject
Global
	GlobalSection(SolutionConfigurationPlatforms) = preSolution
		Debug|Any CPU = Debug|Any CPU
		Release|Any CPU = Release|Any CPU
	EndGlobalSection
	GlobalSection(ProjectConfigurationPlatforms) = postSolution
		{538BABD9-DB96-4C51-92A4-70A1D9E3B75C}.Debug|Any CPU.ActiveCfg = Debug|Any CPU
		{538BABD9-DB96-4C51-92A4-70A1D9E3B75C}.Debug|Any CPU.Build.0 = Debug|Any CPU
		{538BABD9-DB96-4C51-92A4-70A1D9E3B75C}.Release|Any CPU.ActiveCfg = Release|Any CPU
		{538BABD9-DB96-4C51-92A4-70A1D9E3B75C}.Release|Any CPU.Build.0 = Release|Any CPU
		{4DFC6732-CD8B-423F-825A-AD6D7241D968}.Debug|Any CPU.ActiveCfg = Debug|Any CPU
		{4DFC6732-CD8B-423F-825A-AD6D7241D968}.Debug|Any CPU.Build.0 = Debug|Any CPU
		{4DFC6732-CD8B-423F-825A-AD6D7241D968}.Release|Any CPU.ActiveCfg = Release|Any CPU
		{4DFC6732-CD8B-423F-825A-AD6D7241D968}.Release|Any CPU.Build.0 = Release|Any CPU
		{1010F4FB-296D-4283-9FEF-189B119C6DCC}.Debug|Any CPU.ActiveCfg = Debug|Any CPU
		{1010F4FB-296D-4283-9FEF-189B119C6DCC}.Debug|Any CPU.Build.0 = Debug|Any CPU
		{1010F4FB-296D-4283-9FEF-189B119C6DCC}.Release|Any CPU.ActiveCfg = Release|Any CPU
		{1010F4FB-296D-4283-9FEF-189B119C6DCC}.Release|Any CPU.Build.0 = Release|Any CPU
		{7221029E-0A60-4A87-AB96-3C0950CD90B0}.Debug|Any CPU.ActiveCfg = Debug|Any CPU
		{7221029E-0A60-4A87-AB96-3C0950CD90B0}.Debug|Any CPU.Build.0 = Debug|Any CPU
		{7221029E-0A60-4A87-AB96-3C0950CD90B0}.Release|Any CPU.ActiveCfg = Release|Any CPU
		{7221029E-0A60-4A87-AB96-3C0950CD90B0}.Release|Any CPU.Build.0 = Release|Any CPU
		{4DE53848-21F4-45D8-826A-06FE7CC35501}.Debug|Any CPU.ActiveCfg = Debug|Any CPU
		{4DE53848-21F4-45D8-826A-06FE7CC35501}.Debug|Any CPU.Build.0 = Debug|Any CPU
		{4DE53848-21F4-45D8-826A-06FE7CC35501}.Release|Any CPU.ActiveCfg = Release|Any CPU
		{4DE53848-21F4-45D8-826A-06FE7CC35501}.Release|Any CPU.Build.0 = Release|Any CPU
	EndGlobalSection
	GlobalSection(SolutionProperties) = preSolution
		HideSolutionNode = FALSE
	EndGlobalSection
	GlobalSection(ExtensibilityGlobals) = postSolution
		SolutionGuid = {AEFCB595-E29C-46D1-A4FE-006A1D8B3396}
	EndGlobalSection
EndGlobal
